<?xml version="1.0" encoding="utf-8"?>
<Project ToolsVersion="4.0" xmlns="http://schemas.microsoft.com/developer/msbuild/2003">
  <ItemGroup>
    <Filter Include="源文件">
      <UniqueIdentifier>{4FC737F1-C7A5-4376-A066-2A32D752A2FF}</UniqueIdentifier>
      <Extensions>cpp;c;cc;cxx;def;odl;idl;hpj;bat;asm;asmx</Extensions>
    </Filter>
    <Filter Include="头文件">
      <UniqueIdentifier>{93995380-89BD-4b04-88EB-625FBE52EBFB}</UniqueIdentifier>
      <Extensions>h;hpp;hxx;hm;inl;inc;xsd</Extensions>
    </Filter>
    <Filter Include="资源文件">
      <UniqueIdentifier>{67DA6AB6-F800-4c08-8B7A-83BB121AAD01}</UniqueIdentifier>
      <Extensions>rc;ico;cur;bmp;dlg;rc2;rct;bin;rgs;gif;jpg;jpeg;jpe;resx;tiff;tif;png;wav;mfcribbon-ms</Extensions>
    </Filter>
  </ItemGroup>
  <ItemGroup>
    <None Include="ReadMe.txt" />
    <None Include="UDS Scanner.def">
      <Filter>源文件</Filter>
    </None>
    <None Include="res\UDSScanner.rc2">
      <Filter>资源文件</Filter>
    </None>
    <None Include="ClassDiagram.cd">
      <Filter>资源文件</Filter>
    </None>
    <None Include="skin\rotate_left.png">
      <Filter>资源文件</Filter>
    </None>
    <None Include="skin\install_bg.png">
      <Filter>资源文件</Filter>
    </None>
    <None Include="skin\checkbox6.png">
      <Filter>资源文件</Filter>
    </None>
    <None Include="skin\panel_bk.png">
      <Filter>资源文件</Filter>
    </None>
    <None Include="skin\picasa_close.png">
      <Filter>资源文件</Filter>
    </None>
    <None Include="skin\view_close.png">
      <Filter>资源文件</Filter>
    </None>
    <None Include="skin\rotate_right.png">
      <Filter>资源文件</Filter>
    </None>
    <None Include="skin\order_up.png">
      <Filter>资源文件</Filter>
    </None>
    <None Include="skin\btn_normal.png">
      <Filter>资源文件</Filter>
    </None>
    <None Include="skin\btn53x22.png">
      <Filter>资源文件</Filter>
    </None>
    <None Include="skin\button.png">
      <Filter>资源文件</Filter>
    </None>
  </ItemGroup>
  <ItemGroup>
    <ClCompile Include="UDS Scanner.cpp">
      <Filter>源文件</Filter>
    </ClCompile>
    <ClCompile Include="stdafx.cpp">
      <Filter>源文件</Filter>
    </ClCompile>
    <ClCompile Include="src\CommonDS.cpp">
      <Filter>源文件</Filter>
    </ClCompile>
    <ClCompile Include="src\CTWAINDS_Base.cpp">
      <Filter>源文件</Filter>
    </ClCompile>
    <ClCompile Include="src\DSMInterface.cpp">
      <Filter>源文件</Filter>
    </ClCompile>
    <ClCompile Include="src\TWAIN_UI.cpp">
      <Filter>源文件</Filter>
    </ClCompile>
    <ClCompile Include="src\TWAINContainer.cpp">
      <Filter>源文件</Filter>
    </ClCompile>
    <ClCompile Include="src\TWAINContainerBool.cpp">
      <Filter>源文件</Filter>
    </ClCompile>
    <ClCompile Include="src\TWAINContainerFix32.cpp">
      <Filter>源文件</Filter>
    </ClCompile>
    <ClCompile Include="src\TWAINContainerFix32Range.cpp">
      <Filter>源文件</Filter>
    </ClCompile>
    <ClCompile Include="src\TWAINContainerFrame.cpp">
      <Filter>源文件</Filter>
    </ClCompile>
    <ClCompile Include="src\TWAINContainerInt.cpp">
      <Filter>源文件</Filter>
    </ClCompile>
    <ClCompile Include="src\TWAINContainerString.cpp">
      <Filter>源文件</Filter>
    </ClCompile>
    <ClCompile Include="src\Win32.cpp">
      <Filter>源文件</Filter>
    </ClCompile>
    <ClCompile Include="src\MFC_UI.cpp">
      <Filter>源文件</Filter>
    </ClCompile>
    <ClCompile Include="src\Sheet_Scanner.cpp">
      <Filter>源文件</Filter>
    </ClCompile>
    <ClCompile Include="src\Page_About.cpp">
      <Filter>源文件</Filter>
    </ClCompile>
    <ClCompile Include="src\Page_Base.cpp">
      <Filter>源文件</Filter>
    </ClCompile>
    <ClCompile Include="src\Page_Advanced.cpp">
      <Filter>源文件</Filter>
    </ClCompile>
    <ClCompile Include="src\Dlg_Profile.cpp">
      <Filter>源文件</Filter>
    </ClCompile>
    <ClCompile Include="src\CTWAINDS_UDS.cpp">
      <Filter>源文件</Filter>
    </ClCompile>
    <ClCompile Include="..\..\..\testfiles\common\CommonTWAIN.cpp">
      <Filter>源文件</Filter>
    </ClCompile>
    <ClCompile Include="..\..\..\testfiles\common\CTiffWriter.cpp">
      <Filter>源文件</Filter>
    </ClCompile>
    <ClCompile Include="..\..\..\testfiles\common\TwainString.cpp">
      <Filter>源文件</Filter>
    </ClCompile>
    <ClCompile Include="src\CScanner_OpenCV.cpp">
      <Filter>源文件</Filter>
    </ClCompile>
    <ClCompile Include="src\Page_Custom.cpp">
      <Filter>源文件</Filter>
    </ClCompile>
    <ClCompile Include="src\Camera_CxImage.cpp">
      <Filter>源文件</Filter>
    </ClCompile>
    <ClCompile Include="src\Device_Base.cpp">
      <Filter>源文件</Filter>
    </ClCompile>
    <ClCompile Include="src\Page_Profile.cpp">
      <Filter>源文件</Filter>
    </ClCompile>
    <ClCompile Include="src\Dlg_Rename.cpp">
      <Filter>源文件</Filter>
    </ClCompile>
    <ClCompile Include="src\Page_Paper.cpp">
      <Filter>源文件</Filter>
    </ClCompile>
    <ClCompile Include="src\Dlg_Video.cpp">
      <Filter>源文件</Filter>
    </ClCompile>
    <ClCompile Include="src\CDUDS_Video.cpp">
      <Filter>源文件</Filter>
    </ClCompile>
    <ClCompile Include="src\Scanner_G6X00.cpp">
      <Filter>源文件</Filter>
    </ClCompile>
    <ClCompile Include="src\ButtonPublic.cpp">
      <Filter>源文件</Filter>
    </ClCompile>
    <ClCompile Include="src\PngButton.cpp">
      <Filter>源文件</Filter>
    </ClCompile>
    <ClCompile Include="src\Page_Set.cpp">
      <Filter>源文件</Filter>
    </ClCompile>
    <ClCompile Include="src\Page_Info.cpp">
      <Filter>源文件</Filter>
    </ClCompile>
    <ClCompile Include="src\Dlg_Device.cpp">
      <Filter>源文件</Filter>
    </ClCompile>
    <ClCompile Include="src\Base_AutoColor.cpp">
      <Filter>源文件</Filter>
    </ClCompile>
    <ClCompile Include="src\Base_Tab_BW.cpp">
      <Filter>源文件</Filter>
    </ClCompile>
    <ClCompile Include="src\Base_Tab_Color.cpp">
      <Filter>源文件</Filter>
    </ClCompile>
    <ClCompile Include="src\Base_Tab_Gray.cpp">
      <Filter>源文件</Filter>
    </ClCompile>
    <ClCompile Include="src\Page_Filter.cpp">
      <Filter>源文件</Filter>
    </ClCompile>
    <ClCompile Include="src\Base_Tab_Preview.cpp">
      <Filter>源文件</Filter>
    </ClCompile>
    <ClCompile Include="src\Base_Tab_Rotateshow.cpp">
      <Filter>源文件</Filter>
    </ClCompile>
    <ClCompile Include="src\Base_Tab_Spiltshow.cpp">
      <Filter>源文件</Filter>
    </ClCompile>
    <ClCompile Include="src\Dlg_Indicators.cpp">
      <Filter>源文件</Filter>
    </ClCompile>
    <ClCompile Include="src\ShowIndicators.cpp">
      <Filter>源文件</Filter>
    </ClCompile>
  </ItemGroup>
  <ItemGroup>
    <ClInclude Include="UDS Scanner.h">
      <Filter>头文件</Filter>
    </ClInclude>
    <ClInclude Include="stdafx.h">
      <Filter>头文件</Filter>
    </ClInclude>
    <ClInclude Include="targetver.h">
      <Filter>头文件</Filter>
    </ClInclude>
    <ClInclude Include="Resource.h">
      <Filter>头文件</Filter>
    </ClInclude>
    <ClInclude Include="src\CommonDS.h">
      <Filter>头文件</Filter>
    </ClInclude>
    <ClInclude Include="src\CTWAINDS_Base.h">
      <Filter>头文件</Filter>
    </ClInclude>
    <ClInclude Include="src\DSMInterface.h">
      <Filter>头文件</Filter>
    </ClInclude>
    <ClInclude Include="src\TWAIN_UI.h">
      <Filter>头文件</Filter>
    </ClInclude>
    <ClInclude Include="src\TWAINContainer.h">
      <Filter>头文件</Filter>
    </ClInclude>
    <ClInclude Include="src\TWAINContainerBool.h">
      <Filter>头文件</Filter>
    </ClInclude>
    <ClInclude Include="src\TWAINContainerFix32.h">
      <Filter>头文件</Filter>
    </ClInclude>
    <ClInclude Include="src\TWAINContainerFix32Range.h">
      <Filter>头文件</Filter>
    </ClInclude>
    <ClInclude Include="src\TWAINContainerFrame.h">
      <Filter>头文件</Filter>
    </ClInclude>
    <ClInclude Include="src\TWAINContainerInt.h">
      <Filter>头文件</Filter>
    </ClInclude>
    <ClInclude Include="src\TWAINContainerString.h">
      <Filter>头文件</Filter>
    </ClInclude>
    <ClInclude Include="src\dllmain.h">
      <Filter>头文件</Filter>
    </ClInclude>
    <ClInclude Include="src\MFC_UI.h">
      <Filter>头文件</Filter>
    </ClInclude>
    <ClInclude Include="src\Sheet_Scanner.h">
      <Filter>头文件</Filter>
    </ClInclude>
    <ClInclude Include="src\Page_About.h">
      <Filter>头文件</Filter>
    </ClInclude>
    <ClInclude Include="src\Page_Base.h">
      <Filter>头文件</Filter>
    </ClInclude>
    <ClInclude Include="src\Page_Advanced.h">
      <Filter>头文件</Filter>
    </ClInclude>
    <ClInclude Include="src\Dlg_Profile.h">
      <Filter>头文件</Filter>
    </ClInclude>
    <ClInclude Include="src\CTWAINDS_UDS.h">
      <Filter>头文件</Filter>
    </ClInclude>
    <ClInclude Include="src\public.h">
      <Filter>头文件</Filter>
    </ClInclude>
    <ClInclude Include="..\..\..\testfiles\common\Common.h">
      <Filter>头文件</Filter>
    </ClInclude>
    <ClInclude Include="..\..\..\testfiles\common\CommonTWAIN.h">
      <Filter>头文件</Filter>
    </ClInclude>
    <ClInclude Include="..\..\..\testfiles\common\CTiffWriter.h">
      <Filter>头文件</Filter>
    </ClInclude>
    <ClInclude Include="..\..\..\testfiles\common\twain.h">
      <Filter>头文件</Filter>
    </ClInclude>
    <ClInclude Include="..\..\..\testfiles\common\TwainString.h">
      <Filter>头文件</Filter>
    </ClInclude>
    <ClInclude Include="src\CScanner_OpenCV.h">
      <Filter>头文件</Filter>
    </ClInclude>
    <ClInclude Include="src\Page_Custom.h">
      <Filter>头文件</Filter>
    </ClInclude>
    <ClInclude Include="src\uds_cap.h">
      <Filter>头文件</Filter>
    </ClInclude>
    <ClInclude Include="src\Camera_CxImage.h">
      <Filter>头文件</Filter>
    </ClInclude>
    <ClInclude Include="src\Device_Base.h">
      <Filter>头文件</Filter>
    </ClInclude>
    <ClInclude Include="src\Page_Paper.h">
      <Filter>头文件</Filter>
    </ClInclude>
    <ClInclude Include="src\Page_Profile.h">
      <Filter>头文件</Filter>
    </ClInclude>
    <ClInclude Include="src\Dlg_Rename.h">
      <Filter>头文件</Filter>
    </ClInclude>
    <ClInclude Include="src\Dlg_Video.h">
      <Filter>头文件</Filter>
    </ClInclude>
    <ClInclude Include="src\CDUDS_Video.h">
      <Filter>头文件</Filter>
    </ClInclude>
    <ClInclude Include="src\Scanner_G6X00.h">
      <Filter>头文件</Filter>
    </ClInclude>
    <ClInclude Include="..\..\..\testfiles\common\GL1.h">
      <Filter>头文件</Filter>
    </ClInclude>
    <ClInclude Include="src\ButtonPublic.h">
      <Filter>头文件</Filter>
    </ClInclude>
    <ClInclude Include="src\PngButton.h">
      <Filter>头文件</Filter>
    </ClInclude>
    <ClInclude Include="src\Page_Set.h">
      <Filter>头文件</Filter>
    </ClInclude>
    <ClInclude Include="src\Page_Info.h">
      <Filter>头文件</Filter>
    </ClInclude>
    <ClInclude Include="..\..\..\testfiles\pub\external\include\ComputerInfo.h">
      <Filter>头文件</Filter>
    </ClInclude>
    <ClInclude Include="src\Dlg_Device.h">
      <Filter>头文件</Filter>
    </ClInclude>
    <ClInclude Include="src\Base_AutoColor.h">
      <Filter>头文件</Filter>
    </ClInclude>
    <ClInclude Include="src\Base_Tab_BW.h">
      <Filter>头文件</Filter>
    </ClInclude>
    <ClInclude Include="src\Base_Tab_Color.h">
      <Filter>头文件</Filter>
    </ClInclude>
    <ClInclude Include="src\Base_Tab_Gray.h">
      <Filter>头文件</Filter>
    </ClInclude>
    <ClInclude Include="src\Page_Filter.h">
      <Filter>头文件</Filter>
    </ClInclude>
    <ClInclude Include="src\Base_Tab_Preview.h">
      <Filter>头文件</Filter>
    </ClInclude>
    <ClInclude Include="src\Base_Tab_Rotateshow.h">
      <Filter>头文件</Filter>
    </ClInclude>
    <ClInclude Include="src\Base_Tab_Spiltshow.h">
      <Filter>头文件</Filter>
    </ClInclude>
    <ClInclude Include="src\Dlg_Indicators.h">
      <Filter>头文件</Filter>
    </ClInclude>
    <ClInclude Include="src\ShowIndicators.h">
      <Filter>头文件</Filter>
    </ClInclude>
  </ItemGroup>
  <ItemGroup>
    <ResourceCompile Include="UDS Scanner.rc">
      <Filter>资源文件</Filter>
    </ResourceCompile>
  </ItemGroup>
</Project>